
Microsoft Visual Studio Solution File, Format Version 12.00
# Visual Studio 2015
Project("{FAE04EC0-301F-11D3-BF4B-00C04F79EFBC}") = "KinectAvatarForTESP.CSharp.Plugins", "KinectAvatarForTESP.CSharp.Plugins.csproj", "{032C4051-1B78-4CD7-7BE1-E86FB97B403B}"
EndProject
Project("{FAE04EC0-301F-11D3-BF4B-00C04F79EFBC}") = "KinectAvatarForTESP.CSharp", "KinectAvatarForTESP.CSharp.csproj", "{E8684E8A-8D86-541C-0E7F-F8378804B2F2}"
EndProject
Project("{FAE04EC0-301F-11D3-BF4B-00C04F79EFBC}") = "KinectAvatarForTESP.CSharp.Editor.Plugins", "KinectAvatarForTESP.CSharp.Editor.Plugins.csproj", "{B7D1E84A-7F4F-93A5-F435-9100995D1371}"
EndProject
Project("{FAE04EC0-301F-11D3-BF4B-00C04F79EFBC}") = "KinectAvatarForTESP.CSharp.Editor", "KinectAvatarForTESP.CSharp.Editor.csproj", "{24C545E1-57EA-3C40-CB88-C8A7960C85FB}"
EndProject
Global
	GlobalSection(SolutionConfigurationPlatforms) = preSolution
		Debug|Any CPU = Debug|Any CPU
		Release|Any CPU = Release|Any CPU
	EndGlobalSection
	GlobalSection(ProjectConfigurationPlatforms) = postSolution
		{032C4051-1B78-4CD7-7BE1-E86FB97B403B}.Debug|Any CPU.ActiveCfg = Debug|Any CPU
		{032C4051-1B78-4CD7-7BE1-E86FB97B403B}.Debug|Any CPU.Build.0 = Debug|Any CPU
		{032C4051-1B78-4CD7-7BE1-E86FB97B403B}.Release|Any CPU.ActiveCfg = Release|Any CPU
		{032C4051-1B78-4CD7-7BE1-E86FB97B403B}.Release|Any CPU.Build.0 = Release|Any CPU
		{E8684E8A-8D86-541C-0E7F-F8378804B2F2}.Debug|Any CPU.ActiveCfg = Debug|Any CPU
		{E8684E8A-8D86-541C-0E7F-F8378804B2F2}.Debug|Any CPU.Build.0 = Debug|Any CPU
		{E8684E8A-8D86-541C-0E7F-F8378804B2F2}.Release|Any CPU.ActiveCfg = Release|Any CPU
		{E8684E8A-8D86-541C-0E7F-F8378804B2F2}.Release|Any CPU.Build.0 = Release|Any CPU
		{B7D1E84A-7F4F-93A5-F435-9100995D1371}.Debug|Any CPU.ActiveCfg = Debug|Any CPU
		{B7D1E84A-7F4F-93A5-F435-9100995D1371}.Debug|Any CPU.Build.0 = Debug|Any CPU
		{B7D1E84A-7F4F-93A5-F435-9100995D1371}.Release|Any CPU.ActiveCfg = Release|Any CPU
		{B7D1E84A-7F4F-93A5-F435-9100995D1371}.Release|Any CPU.Build.0 = Release|Any CPU
		{24C545E1-57EA-3C40-CB88-C8A7960C85FB}.Debug|Any CPU.ActiveCfg = Debug|Any CPU
		{24C545E1-57EA-3C40-CB88-C8A7960C85FB}.Debug|Any CPU.Build.0 = Debug|Any CPU
		{24C545E1-57EA-3C40-CB88-C8A7960C85FB}.Release|Any CPU.ActiveCfg = Release|Any CPU
		{24C545E1-57EA-3C40-CB88-C8A7960C85FB}.Release|Any CPU.Build.0 = Release|Any CPU
	EndGlobalSection
	GlobalSection(SolutionProperties) = preSolution
		HideSolutionNode = FALSE
	EndGlobalSection
EndGlobal
